%{"cowboy": {:hex, :cowboy, "1.0.4", "a324a8df9f2316c833a470d918aaf73ae894278b8aa6226ce7a9bf699388f878", [:rebar, :make], [{:cowlib, "~> 1.0.0", [hex: :cowlib, optional: false]}, {:ranch, "~> 1.0", [hex: :ranch, optional: false]}]},
  "cowlib": {:hex, :cowlib, "1.0.2", "9d769a1d062c9c3ac753096f868ca121e2730b9a377de23dec0f7e08b1df84ee", [:make], []},
  "earmark": {:hex, :earmark, "1.0.1", "2c2cd903bfdc3de3f189bd9a8d4569a075b88a8981ded9a0d95672f6e2b63141", [:mix], []},
  "ex_doc": {:hex, :ex_doc, "0.13.0", "aa2f8fe4c6136a2f7cfc0a7e06805f82530e91df00e2bff4b4362002b43ada65", [:mix], [{:earmark, "~> 1.0", [hex: :earmark, optional: false]}]},
  "mime": {:hex, :mime, "1.0.1", "05c393850524767d13a53627df71beeebb016205eb43bfbd92d14d24ec7a1b51", [:mix], []},
  "plug": {:hex, :plug, "1.2.0", "496bef96634a49d7803ab2671482f0c5ce9ce0b7b9bc25bc0ae8e09859dd2004", [:mix], [{:cowboy, "~> 1.0", [hex: :cowboy, optional: true]}, {:mime, "~> 1.0", [hex: :mime, optional: false]}]},
  "prometheus": {:hex, :prometheus, "3.0.0-alpha1", "a547a71d32020adf2197d4e457cdb83cf63ecdb73bb2716b13d542f346255ea0", [:rebar3], []},
  "prometheus_ex": {:hex, :prometheus_ex, "1.0.0-alpha1", "0d7de6b553af03fb7ee70b9590eb910d4c02604c800ae59f9bad2083ef4f20f8", [:mix], [{:prometheus, "~> 3.0.0-alpha1", [hex: :prometheus, optional: false]}]},
  "prometheus_process_collector": {:hex, :prometheus_process_collector, "0.2.0", "abd65db36c1b01dad30a122999ccb3153b0b6dd2a1eafb690972eb9d29aa835e", [:rebar3], [{:prometheus, "~> 2.0", [hex: :prometheus, optional: false]}]},
  "ranch": {:hex, :ranch, "1.2.1", "a6fb992c10f2187b46ffd17ce398ddf8a54f691b81768f9ef5f461ea7e28c762", [:make], []}}
