%{
  "accept": {:hex, :accept, "0.3.3", "548ebb6fb2e8b0d170e75bb6123aea6ceecb0189bb1231eeadf52eac08384a97", [:rebar3], [], "hexpm", "9df23358b4d0c62d058fb84281aae5e7a850dcc923d4907d12b938b189e20208"},
  "earmark": {:hex, :earmark, "1.4.13", "2c6ce9768fc9fdbf4046f457e207df6360ee6c91ee1ecb8e9a139f96a4289d91", [:mix], [{:earmark_parser, ">= 1.4.12", [hex: :earmark_parser, repo: "hexpm", optional: false]}], "hexpm", "a0cf3ed88ef2b1964df408889b5ecb886d1a048edde53497fc935ccd15af3403"},
  "earmark_parser": {:hex, :earmark_parser, "1.4.12", "b245e875ec0a311a342320da0551da407d9d2b65d98f7a9597ae078615af3449", [:mix], [], "hexpm", "711e2cc4d64abb7d566d43f54b78f7dc129308a63bc103fbd88550d2174b3160"},
  "ex_doc": {:hex, :ex_doc, "0.23.0", "a069bc9b0bf8efe323ecde8c0d62afc13d308b1fa3d228b65bca5cf8703a529d", [:mix], [{:earmark_parser, "~> 1.4.0", [hex: :earmark_parser, repo: "hexpm", optional: false]}, {:makeup_elixir, "~> 0.14", [hex: :makeup_elixir, repo: "hexpm", optional: false]}], "hexpm", "f5e2c4702468b2fd11b10d39416ddadd2fcdd173ba2a0285ebd92c39827a5a16"},
  "makeup": {:hex, :makeup, "1.0.5", "d5a830bc42c9800ce07dd97fa94669dfb93d3bf5fcf6ea7a0c67b2e0e4a7f26c", [:mix], [{:nimble_parsec, "~> 0.5 or ~> 1.0", [hex: :nimble_parsec, repo: "hexpm", optional: false]}], "hexpm", "cfa158c02d3f5c0c665d0af11512fed3fba0144cf1aadee0f2ce17747fba2ca9"},
  "makeup_elixir": {:hex, :makeup_elixir, "0.15.0", "98312c9f0d3730fde4049985a1105da5155bfe5c11e47bdc7406d88e01e4219b", [:mix], [{:makeup, "~> 1.0", [hex: :makeup, repo: "hexpm", optional: false]}, {:nimble_parsec, "~> 1.1", [hex: :nimble_parsec, repo: "hexpm", optional: false]}], "hexpm", "75ffa34ab1056b7e24844c90bfc62aaf6f3a37a15faa76b07bc5eba27e4a8b4a"},
  "mime": {:hex, :mime, "1.1.0", "01c1d6f4083d8aa5c7b8c246ade95139620ef8effb009edde934e0ec3b28090a", [:mix], [], "hexpm", "33dd09e615daab5668c15cc3a33829892728fdbed910ab0c0a0edb06b45fc54d"},
  "nimble_parsec": {:hex, :nimble_parsec, "1.1.0", "3a6fca1550363552e54c216debb6a9e95bd8d32348938e13de5eda962c0d7f89", [:mix], [], "hexpm", "08eb32d66b706e913ff748f11694b17981c0b04a33ef470e33e11b3d3ac8f54b"},
  "plug": {:hex, :plug, "1.4.3", "236d77ce7bf3e3a2668dc0d32a9b6f1f9b1f05361019946aae49874904be4aed", [:mix], [{:cowboy, "~> 1.0.1 or ~> 1.1", [hex: :cowboy, repo: "hexpm", optional: true]}, {:mime, "~> 1.0", [hex: :mime, repo: "hexpm", optional: false]}], "hexpm", "c1c408c57a1e4c88c365b9aff1198c350e22b765dbb97a460e9e6bd9364c6194"},
  "prometheus": {:hex, :prometheus, "4.6.0", "20510f381db1ccab818b4cf2fac5fa6ab5cc91bc364a154399901c001465f46f", [:mix, :rebar3], [], "hexpm", "4905fd2992f8038eccd7aa0cd22f40637ed618c0bed1f75c05aacec15b7545de"},
  "prometheus_ex": {:hex, :prometheus_ex, "3.0.5", "fa58cfd983487fc5ead331e9a3e0aa622c67232b3ec71710ced122c4c453a02f", [:mix], [{:prometheus, "~> 4.0", [hex: :prometheus, repo: "hexpm", optional: false]}], "hexpm", "9fd13404a48437e044b288b41f76e64acd9735fb8b0e3809f494811dfa66d0fb"},
  "prometheus_process_collector": {:hex, :prometheus_process_collector, "1.6.0", "b169e224337497cd858da16f9361edabc5931b9d12201a97ee15d88ef5a6fcaa", [:rebar3], [{:prometheus, "~> 4.0", [hex: :prometheus, repo: "hexpm", optional: false]}], "hexpm", "e9cd9846f204de7a04863f56308d8d1193bec714210bf6374d9d4fc088d2896d"},
}
